
Microsoft Visual Studio Solution File, Format Version 12.00
# Visual Studio Version 16
VisualStudioVersion = 16.0.30002.166
MinimumVisualStudioVersion = 10.0.40219.1
Project("{9A19103F-16F7-4668-BE54-9A1E7A4F7556}") = "eLicitatie.Api", "eLicitatie\eLicitatie.Api.csproj", "{F1DD2058-A6FB-4CA4-9BB2-CA53F85E9DF6}"
EndProject
Project("{9A19103F-16F7-4668-BE54-9A1E7A4F7556}") = "eLicitatie.Web", "eLicitatie.Web\eLicitatie.Web.csproj", "{6191FB85-ED62-4632-B6AE-177A327E95EA}"
EndProject
Project("{FAE04EC0-301F-11D3-BF4B-00C04F79EFBC}") = "Common", "Common\Common.csproj", "{953FF92F-2234-415F-90FB-BA2912FA62CF}"
EndProject
Global
	GlobalSection(SolutionConfigurationPlatforms) = preSolution
		Debug|Any CPU = Debug|Any CPU
		Release|Any CPU = Release|Any CPU
	EndGlobalSection
	GlobalSection(ProjectConfigurationPlatforms) = postSolution
		{F1DD2058-A6FB-4CA4-9BB2-CA53F85E9DF6}.Debug|Any CPU.ActiveCfg = Debug|Any CPU
		{F1DD2058-A6FB-4CA4-9BB2-CA53F85E9DF6}.Debug|Any CPU.Build.0 = Debug|Any CPU
		{F1DD2058-A6FB-4CA4-9BB2-CA53F85E9DF6}.Release|Any CPU.ActiveCfg = Release|Any CPU
		{F1DD2058-A6FB-4CA4-9BB2-CA53F85E9DF6}.Release|Any CPU.Build.0 = Release|Any CPU
		{6191FB85-ED62-4632-B6AE-177A327E95EA}.Debug|Any CPU.ActiveCfg = Debug|Any CPU
		{6191FB85-ED62-4632-B6AE-177A327E95EA}.Debug|Any CPU.Build.0 = Debug|Any CPU
		{6191FB85-ED62-4632-B6AE-177A327E95EA}.Release|Any CPU.ActiveCfg = Release|Any CPU
		{6191FB85-ED62-4632-B6AE-177A327E95EA}.Release|Any CPU.Build.0 = Release|Any CPU
		{953FF92F-2234-415F-90FB-BA2912FA62CF}.Debug|Any CPU.ActiveCfg = Debug|Any CPU
		{953FF92F-2234-415F-90FB-BA2912FA62CF}.Debug|Any CPU.Build.0 = Debug|Any CPU
		{953FF92F-2234-415F-90FB-BA2912FA62CF}.Release|Any CPU.ActiveCfg = Release|Any CPU
		{953FF92F-2234-415F-90FB-BA2912FA62CF}.Release|Any CPU.Build.0 = Release|Any CPU
	EndGlobalSection
	GlobalSection(SolutionProperties) = preSolution
		HideSolutionNode = FALSE
	EndGlobalSection
	GlobalSection(ExtensibilityGlobals) = postSolution
		SolutionGuid = {AA276E79-8A15-4BDB-B542-900A237A6EC3}
	EndGlobalSection
EndGlobal
